// !$*UTF8*$!
{
	archiveVersion = 1;
	classes = {
	};
	objectVersion = 51;
	objects = {

/* Begin PBXBuildFile section */
		BA06489822542E0200E77F8D /* AddTextbookViewController.swift in Sources */ = {isa = PBXBuildFile; fileRef = BA06489722542E0200E77F8D /* AddTextbookViewController.swift */; };
		BA06489C22544A1300E77F8D /* TextbookTableViewCell.swift in Sources */ = {isa = PBXBuildFile; fileRef = BA06489A22544A1300E77F8D /* TextbookTableViewCell.swift */; };
		BA06489D22544A1300E77F8D /* TextbookTableViewCell.xib in Resources */ = {isa = PBXBuildFile; fileRef = BA06489B22544A1300E77F8D /* TextbookTableViewCell.xib */; };
		BA101C0F225151F1000D94CB /* AppDelegate.swift in Sources */ = {isa = PBXBuildFile; fileRef = BA101C0E225151F1000D94CB /* AppDelegate.swift */; };
		BA101C11225151F1000D94CB /* EntryViewController.swift in Sources */ = {isa = PBXBuildFile; fileRef = BA101C10225151F1000D94CB /* EntryViewController.swift */; };
		BA101C14225151F1000D94CB /* Main.storyboard in Resources */ = {isa = PBXBuildFile; fileRef = BA101C12225151F1000D94CB /* Main.storyboard */; };
		BA101C16225151F2000D94CB /* Assets.xcassets in Resources */ = {isa = PBXBuildFile; fileRef = BA101C15225151F2000D94CB /* Assets.xcassets */; };
		BA101C19225151F2000D94CB /* LaunchScreen.storyboard in Resources */ = {isa = PBXBuildFile; fileRef = BA101C17225151F2000D94CB /* LaunchScreen.storyboard */; };
		BA101C26225158B8000D94CB /* AbrilFatface-Regular.ttf in Resources */ = {isa = PBXBuildFile; fileRef = BA101C25225158B8000D94CB /* AbrilFatface-Regular.ttf */; };
		BA101C2C225158CD000D94CB /* Poppins-Medium.ttf in Resources */ = {isa = PBXBuildFile; fileRef = BA101C27225158CD000D94CB /* Poppins-Medium.ttf */; };
		BA101C2D225158CD000D94CB /* Poppins-Regular.ttf in Resources */ = {isa = PBXBuildFile; fileRef = BA101C28225158CD000D94CB /* Poppins-Regular.ttf */; };
		BA101C2E225158CD000D94CB /* Poppins-Bold.ttf in Resources */ = {isa = PBXBuildFile; fileRef = BA101C29225158CD000D94CB /* Poppins-Bold.ttf */; };
		BA101C2F225158CD000D94CB /* Poppins-Light.ttf in Resources */ = {isa = PBXBuildFile; fileRef = BA101C2A225158CD000D94CB /* Poppins-Light.ttf */; };
		BA101C30225158CD000D94CB /* Poppins-SemiBold.ttf in Resources */ = {isa = PBXBuildFile; fileRef = BA101C2B225158CD000D94CB /* Poppins-SemiBold.ttf */; };
		BA101C32225164CA000D94CB /* LoginViewController.swift in Sources */ = {isa = PBXBuildFile; fileRef = BA101C31225164CA000D94CB /* LoginViewController.swift */; };
		BA101C34225164D9000D94CB /* SignupViewController.swift in Sources */ = {isa = PBXBuildFile; fileRef = BA101C33225164D9000D94CB /* SignupViewController.swift */; };
		BA56BCAB2251785E008A75D0 /* GoogleService-Info.plist in Resources */ = {isa = PBXBuildFile; fileRef = BA56BCAA2251785E008A75D0 /* GoogleService-Info.plist */; };
		BA69AA292257C075002F675B /* CartViewController.swift in Sources */ = {isa = PBXBuildFile; fileRef = BA69AA282257C075002F675B /* CartViewController.swift */; };
		BA69AA2C2257C174002F675B /* CartTableViewCell.swift in Sources */ = {isa = PBXBuildFile; fileRef = BA69AA2A2257C174002F675B /* CartTableViewCell.swift */; };
		BA69AA2D2257C174002F675B /* CartTableViewCell.xib in Resources */ = {isa = PBXBuildFile; fileRef = BA69AA2B2257C174002F675B /* CartTableViewCell.xib */; };
		BAC6A11A2255415100AD65B6 /* Posting.swift in Sources */ = {isa = PBXBuildFile; fileRef = BAC6A1192255415100AD65B6 /* Posting.swift */; };
		BAC6A11C2255437A00AD65B6 /* ViewPostingsViewController.swift in Sources */ = {isa = PBXBuildFile; fileRef = BAC6A11B2255437A00AD65B6 /* ViewPostingsViewController.swift */; };
		F5783AE531E0BFF619FF66E0 /* Pods_Booked.framework in Frameworks */ = {isa = PBXBuildFile; fileRef = 6379A83EE4D8B6584B74AEE4 /* Pods_Booked.framework */; };
/* End PBXBuildFile section */

/* Begin PBXFileReference section */
		0E2E2283C1BF45C494A56F63 /* Pods-Booked.release.xcconfig */ = {isa = PBXFileReference; includeInIndex = 1; lastKnownFileType = text.xcconfig; name = "Pods-Booked.release.xcconfig"; path = "Target Support Files/Pods-Booked/Pods-Booked.release.xcconfig"; sourceTree = "<group>"; };
		6379A83EE4D8B6584B74AEE4 /* Pods_Booked.framework */ = {isa = PBXFileReference; explicitFileType = wrapper.framework; includeInIndex = 0; path = Pods_Booked.framework; sourceTree = BUILT_PRODUCTS_DIR; };
		BA06489722542E0200E77F8D /* AddTextbookViewController.swift */ = {isa = PBXFileReference; lastKnownFileType = sourcecode.swift; path = AddTextbookViewController.swift; sourceTree = "<group>"; };
		BA06489A22544A1300E77F8D /* TextbookTableViewCell.swift */ = {isa = PBXFileReference; lastKnownFileType = sourcecode.swift; path = TextbookTableViewCell.swift; sourceTree = "<group>"; };
		BA06489B22544A1300E77F8D /* TextbookTableViewCell.xib */ = {isa = PBXFileReference; lastKnownFileType = file.xib; path = TextbookTableViewCell.xib; sourceTree = "<group>"; };
		BA101C0B225151F1000D94CB /* Booked.app */ = {isa = PBXFileReference; explicitFileType = wrapper.application; includeInIndex = 0; path = Booked.app; sourceTree = BUILT_PRODUCTS_DIR; };
		BA101C0E225151F1000D94CB /* AppDelegate.swift */ = {isa = PBXFileReference; lastKnownFileType = sourcecode.swift; path = AppDelegate.swift; sourceTree = "<group>"; };
		BA101C10225151F1000D94CB /* EntryViewController.swift */ = {isa = PBXFileReference; lastKnownFileType = sourcecode.swift; path = EntryViewController.swift; sourceTree = "<group>"; };
		BA101C13225151F1000D94CB /* Base */ = {isa = PBXFileReference; lastKnownFileType = file.storyboard; name = Base; path = Base.lproj/Main.storyboard; sourceTree = "<group>"; };
		BA101C15225151F2000D94CB /* Assets.xcassets */ = {isa = PBXFileReference; lastKnownFileType = folder.assetcatalog; path = Assets.xcassets; sourceTree = "<group>"; };
		BA101C18225151F2000D94CB /* Base */ = {isa = PBXFileReference; lastKnownFileType = file.storyboard; name = Base; path = Base.lproj/LaunchScreen.storyboard; sourceTree = "<group>"; };
		BA101C1A225151F2000D94CB /* Info.plist */ = {isa = PBXFileReference; lastKnownFileType = text.plist.xml; path = Info.plist; sourceTree = "<group>"; };
		BA101C25225158B8000D94CB /* AbrilFatface-Regular.ttf */ = {isa = PBXFileReference; lastKnownFileType = file; path = "AbrilFatface-Regular.ttf"; sourceTree = "<group>"; };
		BA101C27225158CD000D94CB /* Poppins-Medium.ttf */ = {isa = PBXFileReference; lastKnownFileType = file; path = "Poppins-Medium.ttf"; sourceTree = "<group>"; };
		BA101C28225158CD000D94CB /* Poppins-Regular.ttf */ = {isa = PBXFileReference; lastKnownFileType = file; path = "Poppins-Regular.ttf"; sourceTree = "<group>"; };
		BA101C29225158CD000D94CB /* Poppins-Bold.ttf */ = {isa = PBXFileReference; lastKnownFileType = file; path = "Poppins-Bold.ttf"; sourceTree = "<group>"; };
		BA101C2A225158CD000D94CB /* Poppins-Light.ttf */ = {isa = PBXFileReference; lastKnownFileType = file; path = "Poppins-Light.ttf"; sourceTree = "<group>"; };
		BA101C2B225158CD000D94CB /* Poppins-SemiBold.ttf */ = {isa = PBXFileReference; lastKnownFileType = file; path = "Poppins-SemiBold.ttf"; sourceTree = "<group>"; };
		BA101C31225164CA000D94CB /* LoginViewController.swift */ = {isa = PBXFileReference; lastKnownFileType = sourcecode.swift; path = LoginViewController.swift; sourceTree = "<group>"; };
		BA101C33225164D9000D94CB /* SignupViewController.swift */ = {isa = PBXFileReference; lastKnownFileType = sourcecode.swift; path = SignupViewController.swift; sourceTree = "<group>"; };
		BA56BCAA2251785E008A75D0 /* GoogleService-Info.plist */ = {isa = PBXFileReference; fileEncoding = 4; lastKnownFileType = text.plist.xml; path = "GoogleService-Info.plist"; sourceTree = "<group>"; };
		BA69AA282257C075002F675B /* CartViewController.swift */ = {isa = PBXFileReference; lastKnownFileType = sourcecode.swift; path = CartViewController.swift; sourceTree = "<group>"; };
		BA69AA2A2257C174002F675B /* CartTableViewCell.swift */ = {isa = PBXFileReference; lastKnownFileType = sourcecode.swift; path = CartTableViewCell.swift; sourceTree = "<group>"; };
		BA69AA2B2257C174002F675B /* CartTableViewCell.xib */ = {isa = PBXFileReference; lastKnownFileType = file.xib; path = CartTableViewCell.xib; sourceTree = "<group>"; };
		BAC6A1192255415100AD65B6 /* Posting.swift */ = {isa = PBXFileReference; lastKnownFileType = sourcecode.swift; path = Posting.swift; sourceTree = "<group>"; };
		BAC6A11B2255437A00AD65B6 /* ViewPostingsViewController.swift */ = {isa = PBXFileReference; lastKnownFileType = sourcecode.swift; path = ViewPostingsViewController.swift; sourceTree = "<group>"; };
		BEBAF8CB65A5002242FE0991 /* Pods-Booked.debug.xcconfig */ = {isa = PBXFileReference; includeInIndex = 1; lastKnownFileType = text.xcconfig; name = "Pods-Booked.debug.xcconfig"; path = "Target Support Files/Pods-Booked/Pods-Booked.debug.xcconfig"; sourceTree = "<group>"; };
/* End PBXFileReference section */

/* Begin PBXFrameworksBuildPhase section */
		BA101C08225151F1000D94CB /* Frameworks */ = {
			isa = PBXFrameworksBuildPhase;
			buildActionMask = 2147483647;
			files = (
				F5783AE531E0BFF619FF66E0 /* Pods_Booked.framework in Frameworks */,
			);
			runOnlyForDeploymentPostprocessing = 0;
		};
/* End PBXFrameworksBuildPhase section */

/* Begin PBXGroup section */
		73A17F4DAAB78F85AC5927ED /* Frameworks */ = {
			isa = PBXGroup;
			children = (
				6379A83EE4D8B6584B74AEE4 /* Pods_Booked.framework */,
			);
			name = Frameworks;
			sourceTree = "<group>";
		};
		A6358B30B7AAB9441317A199 /* Pods */ = {
			isa = PBXGroup;
			children = (
				BEBAF8CB65A5002242FE0991 /* Pods-Booked.debug.xcconfig */,
				0E2E2283C1BF45C494A56F63 /* Pods-Booked.release.xcconfig */,
			);
			path = Pods;
			sourceTree = "<group>";
		};
		BA064899225449E900E77F8D /* Custom Views */ = {
			isa = PBXGroup;
			children = (
				BA06489A22544A1300E77F8D /* TextbookTableViewCell.swift */,
				BA06489B22544A1300E77F8D /* TextbookTableViewCell.xib */,
				BA69AA2A2257C174002F675B /* CartTableViewCell.swift */,
				BA69AA2B2257C174002F675B /* CartTableViewCell.xib */,
			);
			path = "Custom Views";
			sourceTree = "<group>";
		};
		BA101C02225151F1000D94CB = {
			isa = PBXGroup;
			children = (
				BA101C0D225151F1000D94CB /* Booked */,
				BA101C0C225151F1000D94CB /* Products */,
				A6358B30B7AAB9441317A199 /* Pods */,
				73A17F4DAAB78F85AC5927ED /* Frameworks */,
			);
			sourceTree = "<group>";
		};
		BA101C0C225151F1000D94CB /* Products */ = {
			isa = PBXGroup;
			children = (
				BA101C0B225151F1000D94CB /* Booked.app */,
			);
			name = Products;
			sourceTree = "<group>";
		};
		BA101C0D225151F1000D94CB /* Booked */ = {
			isa = PBXGroup;
			children = (
				BA101C2322515362000D94CB /* Supporting Files */,
				BA101C2222515344000D94CB /* Controller */,
				BA101C212251532F000D94CB /* View */,
				BA101C2022515329000D94CB /* Model */,
				BA101C15225151F2000D94CB /* Assets.xcassets */,
			);
			path = Booked;
			sourceTree = "<group>";
		};
		BA101C2022515329000D94CB /* Model */ = {
			isa = PBXGroup;
			children = (
				BAC6A1192255415100AD65B6 /* Posting.swift */,
			);
			path = Model;
			sourceTree = "<group>";
		};
		BA101C212251532F000D94CB /* View */ = {
			isa = PBXGroup;
			children = (
				BA064899225449E900E77F8D /* Custom Views */,
				BA101C17225151F2000D94CB /* LaunchScreen.storyboard */,
				BA101C12225151F1000D94CB /* Main.storyboard */,
			);
			path = View;
			sourceTree = "<group>";
		};
		BA101C2222515344000D94CB /* Controller */ = {
			isa = PBXGroup;
			children = (
				BA101C0E225151F1000D94CB /* AppDelegate.swift */,
				BA101C10225151F1000D94CB /* EntryViewController.swift */,
				BA101C31225164CA000D94CB /* LoginViewController.swift */,
				BA101C33225164D9000D94CB /* SignupViewController.swift */,
				BA06489722542E0200E77F8D /* AddTextbookViewController.swift */,
				BAC6A11B2255437A00AD65B6 /* ViewPostingsViewController.swift */,
				BA69AA282257C075002F675B /* CartViewController.swift */,
			);
			path = Controller;
			sourceTree = "<group>";
		};
		BA101C2322515362000D94CB /* Supporting Files */ = {
			isa = PBXGroup;
			children = (
				BA56BCAA2251785E008A75D0 /* GoogleService-Info.plist */,
				BA101C2422515893000D94CB /* Fonts */,
				BA101C1A225151F2000D94CB /* Info.plist */,
			);
			path = "Supporting Files";
			sourceTree = "<group>";
		};
		BA101C2422515893000D94CB /* Fonts */ = {
			isa = PBXGroup;
			children = (
				BA101C29225158CD000D94CB /* Poppins-Bold.ttf */,
				BA101C2A225158CD000D94CB /* Poppins-Light.ttf */,
				BA101C27225158CD000D94CB /* Poppins-Medium.ttf */,
				BA101C28225158CD000D94CB /* Poppins-Regular.ttf */,
				BA101C2B225158CD000D94CB /* Poppins-SemiBold.ttf */,
				BA101C25225158B8000D94CB /* AbrilFatface-Regular.ttf */,
			);
			path = Fonts;
			sourceTree = "<group>";
		};
/* End PBXGroup section */

/* Begin PBXNativeTarget section */
		BA101C0A225151F1000D94CB /* Booked */ = {
			isa = PBXNativeTarget;
			buildConfigurationList = BA101C1D225151F2000D94CB /* Build configuration list for PBXNativeTarget "Booked" */;
			buildPhases = (
				BAFCDF423C3AC4F9C18EC611 /* [CP] Check Pods Manifest.lock */,
				BA101C07225151F1000D94CB /* Sources */,
				BA101C08225151F1000D94CB /* Frameworks */,
				BA101C09225151F1000D94CB /* Resources */,
				8F40E2AD8C2AE94EA6B1D701 /* [CP] Embed Pods Frameworks */,
			);
			buildRules = (
			);
			dependencies = (
			);
			name = Booked;
			productName = Booked;
			productReference = BA101C0B225151F1000D94CB /* Booked.app */;
			productType = "com.apple.product-type.application";
		};
/* End PBXNativeTarget section */

/* Begin PBXProject section */
		BA101C03225151F1000D94CB /* Project object */ = {
			isa = PBXProject;
			attributes = {
				LastSwiftUpdateCheck = 1010;
				LastUpgradeCheck = 1010;
				ORGANIZATIONNAME = "Alex Urbanski";
				TargetAttributes = {
					BA101C0A225151F1000D94CB = {
						CreatedOnToolsVersion = 10.1;
					};
				};
			};
			buildConfigurationList = BA101C06225151F1000D94CB /* Build configuration list for PBXProject "Booked" */;
			compatibilityVersion = "Xcode 9.3";
			developmentRegion = en;
			hasScannedForEncodings = 0;
			knownRegions = (
				en,
				Base,
			);
			mainGroup = BA101C02225151F1000D94CB;
			productRefGroup = BA101C0C225151F1000D94CB /* Products */;
			projectDirPath = "";
			projectRoot = "";
			targets = (
				BA101C0A225151F1000D94CB /* Booked */,
			);
		};
/* End PBXProject section */

/* Begin PBXResourcesBuildPhase section */
		BA101C09225151F1000D94CB /* Resources */ = {
			isa = PBXResourcesBuildPhase;
			buildActionMask = 2147483647;
			files = (
				BA101C19225151F2000D94CB /* LaunchScreen.storyboard in Resources */,
				BA101C16225151F2000D94CB /* Assets.xcassets in Resources */,
				BA101C2E225158CD000D94CB /* Poppins-Bold.ttf in Resources */,
				BA69AA2D2257C174002F675B /* CartTableViewCell.xib in Resources */,
				BA101C2F225158CD000D94CB /* Poppins-Light.ttf in Resources */,
				BA101C14225151F1000D94CB /* Main.storyboard in Resources */,
				BA101C2D225158CD000D94CB /* Poppins-Regular.ttf in Resources */,
				BA101C30225158CD000D94CB /* Poppins-SemiBold.ttf in Resources */,
				BA56BCAB2251785E008A75D0 /* GoogleService-Info.plist in Resources */,
				BA101C26225158B8000D94CB /* AbrilFatface-Regular.ttf in Resources */,
				BA06489D22544A1300E77F8D /* TextbookTableViewCell.xib in Resources */,
				BA101C2C225158CD000D94CB /* Poppins-Medium.ttf in Resources */,
			);
			runOnlyForDeploymentPostprocessing = 0;
		};
/* End PBXResourcesBuildPhase section */

/* Begin PBXShellScriptBuildPhase section */
		8F40E2AD8C2AE94EA6B1D701 /* [CP] Embed Pods Frameworks */ = {
			isa = PBXShellScriptBuildPhase;
			buildActionMask = 2147483647;
			files = (
			);
			inputFileListPaths = (
				"${PODS_ROOT}/Target Support Files/Pods-Booked/Pods-Booked-frameworks-${CONFIGURATION}-input-files.xcfilelist",
			);
			name = "[CP] Embed Pods Frameworks";
			outputFileListPaths = (
				"${PODS_ROOT}/Target Support Files/Pods-Booked/Pods-Booked-frameworks-${CONFIGURATION}-output-files.xcfilelist",
			);
			runOnlyForDeploymentPostprocessing = 0;
			shellPath = /bin/sh;
			shellScript = "\"${PODS_ROOT}/Target Support Files/Pods-Booked/Pods-Booked-frameworks.sh\"\n";
			showEnvVarsInLog = 0;
		};
		BAFCDF423C3AC4F9C18EC611 /* [CP] Check Pods Manifest.lock */ = {
			isa = PBXShellScriptBuildPhase;
			buildActionMask = 2147483647;
			files = (
			);
			inputFileListPaths = (
			);
			inputPaths = (
				"${PODS_PODFILE_DIR_PATH}/Podfile.lock",
				"${PODS_ROOT}/Manifest.lock",
			);
			name = "[CP] Check Pods Manifest.lock";
			outputFileListPaths = (
			);
			outputPaths = (
				"$(DERIVED_FILE_DIR)/Pods-Booked-checkManifestLockResult.txt",
			);
			runOnlyForDeploymentPostprocessing = 0;
			shellPath = /bin/sh;
			shellScript = "diff \"${PODS_PODFILE_DIR_PATH}/Podfile.lock\" \"${PODS_ROOT}/Manifest.lock\" > /dev/null\nif [ $? != 0 ] ; then\n    # print error to STDERR\n    echo \"error: The sandbox is not in sync with the Podfile.lock. Run 'pod install' or update your CocoaPods installation.\" >&2\n    exit 1\nfi\n# This output is used by Xcode 'outputs' to avoid re-running this script phase.\necho \"SUCCESS\" > \"${SCRIPT_OUTPUT_FILE_0}\"\n";
			showEnvVarsInLog = 0;
		};
/* End PBXShellScriptBuildPhase section */

/* Begin PBXSourcesBuildPhase section */
		BA101C07225151F1000D94CB /* Sources */ = {
			isa = PBXSourcesBuildPhase;
			buildActionMask = 2147483647;
			files = (
				BAC6A11C2255437A00AD65B6 /* ViewPostingsViewController.swift in Sources */,
				BA06489822542E0200E77F8D /* AddTextbookViewController.swift in Sources */,
				BA101C32225164CA000D94CB /* LoginViewController.swift in Sources */,
				BAC6A11A2255415100AD65B6 /* Posting.swift in Sources */,
				BA101C11225151F1000D94CB /* EntryViewController.swift in Sources */,
				BA06489C22544A1300E77F8D /* TextbookTableViewCell.swift in Sources */,
				BA101C34225164D9000D94CB /* SignupViewController.swift in Sources */,
				BA69AA2C2257C174002F675B /* CartTableViewCell.swift in Sources */,
				BA69AA292257C075002F675B /* CartViewController.swift in Sources */,
				BA101C0F225151F1000D94CB /* AppDelegate.swift in Sources */,
			);
			runOnlyForDeploymentPostprocessing = 0;
		};
/* End PBXSourcesBuildPhase section */

/* Begin PBXVariantGroup section */
		BA101C12225151F1000D94CB /* Main.storyboard */ = {
			isa = PBXVariantGroup;
			children = (
				BA101C13225151F1000D94CB /* Base */,
			);
			name = Main.storyboard;
			sourceTree = "<group>";
		};
		BA101C17225151F2000D94CB /* LaunchScreen.storyboard */ = {
			isa = PBXVariantGroup;
			children = (
				BA101C18225151F2000D94CB /* Base */,
			);
			name = LaunchScreen.storyboard;
			sourceTree = "<group>";
		};
/* End PBXVariantGroup section */

/* Begin XCBuildConfiguration section */
		BA101C1B225151F2000D94CB /* Debug */ = {
			isa = XCBuildConfiguration;
			buildSettings = {
				ALWAYS_SEARCH_USER_PATHS = NO;
				CLANG_ANALYZER_NONNULL = YES;
				CLANG_ANALYZER_NUMBER_OBJECT_CONVERSION = YES_AGGRESSIVE;
				CLANG_CXX_LANGUAGE_STANDARD = "gnu++14";
				CLANG_CXX_LIBRARY = "libc++";
				CLANG_ENABLE_MODULES = YES;
				CLANG_ENABLE_OBJC_ARC = YES;
				CLANG_ENABLE_OBJC_WEAK = YES;
				CLANG_WARN_BLOCK_CAPTURE_AUTORELEASING = YES;
				CLANG_WARN_BOOL_CONVERSION = YES;
				CLANG_WARN_COMMA = YES;
				CLANG_WARN_CONSTANT_CONVERSION = YES;
				CLANG_WARN_DEPRECATED_OBJC_IMPLEMENTATIONS = YES;
				CLANG_WARN_DIRECT_OBJC_ISA_USAGE = YES_ERROR;
				CLANG_WARN_DOCUMENTATION_COMMENTS = YES;
				CLANG_WARN_EMPTY_BODY = YES;
				CLANG_WARN_ENUM_CONVERSION = YES;
				CLANG_WARN_INFINITE_RECURSION = YES;
				CLANG_WARN_INT_CONVERSION = YES;
				CLANG_WARN_NON_LITERAL_NULL_CONVERSION = YES;
				CLANG_WARN_OBJC_IMPLICIT_RETAIN_SELF = YES;
				CLANG_WARN_OBJC_LITERAL_CONVERSION = YES;
				CLANG_WARN_OBJC_ROOT_CLASS = YES_ERROR;
				CLANG_WARN_RANGE_LOOP_ANALYSIS = YES;
				CLANG_WARN_STRICT_PROTOTYPES = YES;
				CLANG_WARN_SUSPICIOUS_MOVE = YES;
				CLANG_WARN_UNGUARDED_AVAILABILITY = YES_AGGRESSIVE;
				CLANG_WARN_UNREACHABLE_CODE = YES;
				CLANG_WARN__DUPLICATE_METHOD_MATCH = YES;
				CODE_SIGN_IDENTITY = "iPhone Developer";
				COPY_PHASE_STRIP = NO;
				DEBUG_INFORMATION_FORMAT = dwarf;
				ENABLE_STRICT_OBJC_MSGSEND = YES;
				ENABLE_TESTABILITY = YES;
				GCC_C_LANGUAGE_STANDARD = gnu11;
				GCC_DYNAMIC_NO_PIC = NO;
				GCC_NO_COMMON_BLOCKS = YES;
				GCC_OPTIMIZATION_LEVEL = 0;
				GCC_PREPROCESSOR_DEFINITIONS = (
					"DEBUG=1",
					"$(inherited)",
				);
				GCC_WARN_64_TO_32_BIT_CONVERSION = YES;
				GCC_WARN_ABOUT_RETURN_TYPE = YES_ERROR;
				GCC_WARN_UNDECLARED_SELECTOR = YES;
				GCC_WARN_UNINITIALIZED_AUTOS = YES_AGGRESSIVE;
				GCC_WARN_UNUSED_FUNCTION = YES;
				GCC_WARN_UNUSED_VARIABLE = YES;
				IPHONEOS_DEPLOYMENT_TARGET = 12.1;
				MTL_ENABLE_DEBUG_INFO = INCLUDE_SOURCE;
				MTL_FAST_MATH = YES;
				ONLY_ACTIVE_ARCH = YES;
				SDKROOT = iphoneos;
				SWIFT_ACTIVE_COMPILATION_CONDITIONS = DEBUG;
				SWIFT_OPTIMIZATION_LEVEL = "-Onone";
			};
			name = Debug;
		};
		BA101C1C225151F2000D94CB /* Release */ = {
			isa = XCBuildConfiguration;
			buildSettings = {
				ALWAYS_SEARCH_USER_PATHS = NO;
				CLANG_ANALYZER_NONNULL = YES;
				CLANG_ANALYZER_NUMBER_OBJECT_CONVERSION = YES_AGGRESSIVE;
				CLANG_CXX_LANGUAGE_STANDARD = "gnu++14";
				CLANG_CXX_LIBRARY = "libc++";
				CLANG_ENABLE_MODULES = YES;
				CLANG_ENABLE_OBJC_ARC = YES;
				CLANG_ENABLE_OBJC_WEAK = YES;
				CLANG_WARN_BLOCK_CAPTURE_AUTORELEASING = YES;
				CLANG_WARN_BOOL_CONVERSION = YES;
				CLANG_WARN_COMMA = YES;
				CLANG_WARN_CONSTANT_CONVERSION = YES;
				CLANG_WARN_DEPRECATED_OBJC_IMPLEMENTATIONS = YES;
				CLANG_WARN_DIRECT_OBJC_ISA_USAGE = YES_ERROR;
				CLANG_WARN_DOCUMENTATION_COMMENTS = YES;
				CLANG_WARN_EMPTY_BODY = YES;
				CLANG_WARN_ENUM_CONVERSION = YES;
				CLANG_WARN_INFINITE_RECURSION = YES;
				CLANG_WARN_INT_CONVERSION = YES;
				CLANG_WARN_NON_LITERAL_NULL_CONVERSION = YES;
				CLANG_WARN_OBJC_IMPLICIT_RETAIN_SELF = YES;
				CLANG_WARN_OBJC_LITERAL_CONVERSION = YES;
				CLANG_WARN_OBJC_ROOT_CLASS = YES_ERROR;
				CLANG_WARN_RANGE_LOOP_ANALYSIS = YES;
				CLANG_WARN_STRICT_PROTOTYPES = YES;
				CLANG_WARN_SUSPICIOUS_MOVE = YES;
				CLANG_WARN_UNGUARDED_AVAILABILITY = YES_AGGRESSIVE;
				CLANG_WARN_UNREACHABLE_CODE = YES;
				CLANG_WARN__DUPLICATE_METHOD_MATCH = YES;
				CODE_SIGN_IDENTITY = "iPhone Developer";
				COPY_PHASE_STRIP = NO;
				DEBUG_INFORMATION_FORMAT = "dwarf-with-dsym";
				ENABLE_NS_ASSERTIONS = NO;
				ENABLE_STRICT_OBJC_MSGSEND = YES;
				GCC_C_LANGUAGE_STANDARD = gnu11;
				GCC_NO_COMMON_BLOCKS = YES;
				GCC_WARN_64_TO_32_BIT_CONVERSION = YES;
				GCC_WARN_ABOUT_RETURN_TYPE = YES_ERROR;
				GCC_WARN_UNDECLARED_SELECTOR = YES;
				GCC_WARN_UNINITIALIZED_AUTOS = YES_AGGRESSIVE;
				GCC_WARN_UNUSED_FUNCTION = YES;
				GCC_WARN_UNUSED_VARIABLE = YES;
				IPHONEOS_DEPLOYMENT_TARGET = 12.1;
				MTL_ENABLE_DEBUG_INFO = NO;
				MTL_FAST_MATH = YES;
				SDKROOT = iphoneos;
				SWIFT_COMPILATION_MODE = wholemodule;
				SWIFT_OPTIMIZATION_LEVEL = "-O";
				VALIDATE_PRODUCT = YES;
			};
			name = Release;
		};
		BA101C1E225151F2000D94CB /* Debug */ = {
			isa = XCBuildConfiguration;
			baseConfigurationReference = BEBAF8CB65A5002242FE0991 /* Pods-Booked.debug.xcconfig */;
			buildSettings = {
				ASSETCATALOG_COMPILER_APPICON_NAME = AppIcon;
				CODE_SIGN_STYLE = Automatic;
				DEVELOPMENT_TEAM = 4QPGVQ6QP4;
				INFOPLIST_FILE = "$(SRCROOT)/Booked/Supporting Files/Info.plist";
				LD_RUNPATH_SEARCH_PATHS = (
					"$(inherited)",
					"@executable_path/Frameworks",
				);
				PRODUCT_BUNDLE_IDENTIFIER = com.alexurbanski.Booked;
				PRODUCT_NAME = "$(TARGET_NAME)";
				SWIFT_VERSION = 4.2;
				TARGETED_DEVICE_FAMILY = "1,2";
			};
			name = Debug;
		};
		BA101C1F225151F2000D94CB /* Release */ = {
			isa = XCBuildConfiguration;
			baseConfigurationReference = 0E2E2283C1BF45C494A56F63 /* Pods-Booked.release.xcconfig */;
			buildSettings = {
				ASSETCATALOG_COMPILER_APPICON_NAME = AppIcon;
				CODE_SIGN_STYLE = Automatic;
				DEVELOPMENT_TEAM = 4QPGVQ6QP4;
				INFOPLIST_FILE = "$(SRCROOT)/Booked/Supporting Files/Info.plist";
				LD_RUNPATH_SEARCH_PATHS = (
					"$(inherited)",
					"@executable_path/Frameworks",
				);
				PRODUCT_BUNDLE_IDENTIFIER = com.alexurbanski.Booked;
				PRODUCT_NAME = "$(TARGET_NAME)";
				SWIFT_VERSION = 4.2;
				TARGETED_DEVICE_FAMILY = "1,2";
			};
			name = Release;
		};
/* End XCBuildConfiguration section */

/* Begin XCConfigurationList section */
		BA101C06225151F1000D94CB /* Build configuration list for PBXProject "Booked" */ = {
			isa = XCConfigurationList;
			buildConfigurations = (
				BA101C1B225151F2000D94CB /* Debug */,
				BA101C1C225151F2000D94CB /* Release */,
			);
			defaultConfigurationIsVisible = 0;
			defaultConfigurationName = Release;
		};
		BA101C1D225151F2000D94CB /* Build configuration list for PBXNativeTarget "Booked" */ = {
			isa = XCConfigurationList;
			buildConfigurations = (
				BA101C1E225151F2000D94CB /* Debug */,
				BA101C1F225151F2000D94CB /* Release */,
			);
			defaultConfigurationIsVisible = 0;
			defaultConfigurationName = Release;
		};
/* End XCConfigurationList section */
	};
	rootObject = BA101C03225151F1000D94CB /* Project object */;
}
